<Solution>
  <Folder Name="/src/">
    <File Path=".env" />
    <File Path="docker-compose.yml" />
    <Project Path="TaskManager.Application/TaskManager.Application.csproj" />
    <Project Path="TaskManager.Core/TaskManager.Core.csproj" />
    <Project Path="TaskManager.Infra/TaskManager.Infra.csproj" />
    <Project Path="TaskManager/TaskManager.Api.csproj" />
  </Folder>
</Solution>
